
Microsoft Visual Studio Solution File, Format Version 12.00
# Visual Studio Version 17
VisualStudioVersion = 17.1.32421.90
MinimumVisualStudioVersion = 10.0.40219.1
Project("{2150E333-8FDC-42A3-9474-1A3956D46DE8}") = "src", "src", "{FF3C6504-FAF8-4FD4-9FBD-0C02E2A38430}"
EndProject
Project("{2150E333-8FDC-42A3-9474-1A3956D46DE8}") = "docs", "docs", "{065A8D98-F9FA-4F6D-8962-025092048DCB}"
	ProjectSection(SolutionItems) = preProject
		README.md = README.md
	EndProjectSection
EndProject
Project("{2150E333-8FDC-42A3-9474-1A3956D46DE8}") = "0 Utils", "0 Utils", "{7184AE95-780A-4AC8-9DF3-D6CA0F0D0283}"
EndProject
Project("{2150E333-8FDC-42A3-9474-1A3956D46DE8}") = "2 Infrastructure Interfaces", "2 Infrastructure Interfaces", "{B93BB0E8-CF7E-4F7F-BFA8-DD92F6F83CC2}"
EndProject
Project("{2150E333-8FDC-42A3-9474-1A3956D46DE8}") = "6 Infrastructure Implementation", "6 Infrastructure Implementation", "{EFF4510A-86CE-435E-98DB-34B17CA89FC3}"
EndProject
Project("{2150E333-8FDC-42A3-9474-1A3956D46DE8}") = "7 Api", "7 Api", "{31CDCA97-1BFB-4DA7-B991-315414F0E7C6}"
EndProject
Project("{2150E333-8FDC-42A3-9474-1A3956D46DE8}") = "8 Host", "8 Host", "{27FD8170-875F-4ECC-8D98-C48BE6F9CDD9}"
EndProject
Project("{2150E333-8FDC-42A3-9474-1A3956D46DE8}") = "Infrastructure Services", "Infrastructure Services", "{F0BD22A5-0E1E-4EA8-9161-24E6D38BABEE}"
EndProject
Project("{2150E333-8FDC-42A3-9474-1A3956D46DE8}") = "Blockchain APIs", "Blockchain APIs", "{0139A884-9AB0-4D75-B6A2-97A4C062812E}"
EndProject
Project("{2150E333-8FDC-42A3-9474-1A3956D46DE8}") = "Data Access", "Data Access", "{7FE67155-0696-464B-9A68-E45C3180F0D2}"
EndProject
Project("{2150E333-8FDC-42A3-9474-1A3956D46DE8}") = "Infrastructure Services", "Infrastructure Services", "{34053AB7-5818-44CB-9905-F9A516B0DA8A}"
EndProject
Project("{2150E333-8FDC-42A3-9474-1A3956D46DE8}") = "Blockchains", "Blockchains", "{1FD281BB-E27F-4E54-B42B-E99DFE4C7693}"
EndProject
Project("{9A19103F-16F7-4668-BE54-9A1E7A4F7556}") = "Nomis.Api.Common", "src\Nomis.Api.Common\Nomis.Api.Common.csproj", "{EF2A09DC-BA93-4BB8-8A80-3500F775968C}"
EndProject
Project("{9A19103F-16F7-4668-BE54-9A1E7A4F7556}") = "Nomis.Utils", "src\Nomis.Utils\Nomis.Utils.csproj", "{DFF9BC89-E985-430F-BC46-DAFD110BA8CA}"
EndProject
Project("{2150E333-8FDC-42A3-9474-1A3956D46DE8}") = "Blockchain APIs", "Blockchain APIs", "{CCCBFDCA-25AD-4B2A-A924-C3518BA43400}"
EndProject
Project("{9A19103F-16F7-4668-BE54-9A1E7A4F7556}") = "Nomis.Blockchain.Abstractions", "src\Nomis.Blockchain.Abstractions\Nomis.Blockchain.Abstractions.csproj", "{E3AB955F-D0CA-4F7D-A797-9AA9929CBF06}"
EndProject
Project("{2150E333-8FDC-42A3-9474-1A3956D46DE8}") = "Server", "Server", "{6E6973B9-2B02-4429-8056-653CC78EB894}"
EndProject
Project("{2150E333-8FDC-42A3-9474-1A3956D46DE8}") = "Client", "Client", "{2ADA3075-AFE8-4F94-A01D-9006C218D594}"
EndProject
Project("{9A19103F-16F7-4668-BE54-9A1E7A4F7556}") = "Nomis.Web.Server.Common", "src\Nomis.Web.Server.Common\Nomis.Web.Server.Common.csproj", "{A17D1A76-E9CA-46FD-AEE1-BA003FD8484C}"
EndProject
Project("{9A19103F-16F7-4668-BE54-9A1E7A4F7556}") = "Nomis.Web.Client.Common", "src\Nomis.Web.Client.Common\Nomis.Web.Client.Common.csproj", "{E24E6D72-C214-4C46-A3B2-ED1F0904B9F9}"
EndProject
Project("{2150E333-8FDC-42A3-9474-1A3956D46DE8}") = "BSC", "BSC", "{82C0B228-A64C-475B-89E8-853ABC76C633}"
EndProject
Project("{2150E333-8FDC-42A3-9474-1A3956D46DE8}") = "BSC", "BSC", "{247E8015-2DF1-48A4-A309-09845668CB23}"
EndProject
Project("{2150E333-8FDC-42A3-9474-1A3956D46DE8}") = "BSC", "BSC", "{E90CD3F1-9501-44BE-9CE2-77CE4ADE1046}"
EndProject
Project("{2150E333-8FDC-42A3-9474-1A3956D46DE8}") = "BSC", "BSC", "{55623527-43C3-444D-B589-8F9675D5E629}"
EndProject
Project("{9A19103F-16F7-4668-BE54-9A1E7A4F7556}") = "Nomis.Bscscan.Interfaces", "src\Nomis.Bscscan.Interfaces\Nomis.Bscscan.Interfaces.csproj", "{99B467C3-F11C-4913-B9E8-883E01E33292}"
EndProject
Project("{9A19103F-16F7-4668-BE54-9A1E7A4F7556}") = "Nomis.Bscscan", "src\Nomis.Bscscan\Nomis.Bscscan.csproj", "{BF6202E3-7965-4C35-95F7-5CBD8CB7AB6F}"
EndProject
Project("{9A19103F-16F7-4668-BE54-9A1E7A4F7556}") = "Nomis.Api.Bsc", "src\Nomis.Api.Bsc\Nomis.Api.Bsc.csproj", "{60F035D6-4ED5-4BEE-A506-01A1623C450C}"
EndProject
Project("{9A19103F-16F7-4668-BE54-9A1E7A4F7556}") = "Nomis.Web.Client.Bsc", "src\Nomis.Web.Client.Bsc\Nomis.Web.Client.Bsc.csproj", "{B1E56C6A-8FD7-4BD6-BE16-0A1BD8611A4E}"
EndProject
Global
	GlobalSection(SolutionConfigurationPlatforms) = preSolution
		Debug|Any CPU = Debug|Any CPU
		Release|Any CPU = Release|Any CPU
	EndGlobalSection
	GlobalSection(ProjectConfigurationPlatforms) = postSolution
		{EF2A09DC-BA93-4BB8-8A80-3500F775968C}.Debug|Any CPU.ActiveCfg = Debug|Any CPU
		{EF2A09DC-BA93-4BB8-8A80-3500F775968C}.Debug|Any CPU.Build.0 = Debug|Any CPU
		{EF2A09DC-BA93-4BB8-8A80-3500F775968C}.Release|Any CPU.ActiveCfg = Release|Any CPU
		{EF2A09DC-BA93-4BB8-8A80-3500F775968C}.Release|Any CPU.Build.0 = Release|Any CPU
		{DFF9BC89-E985-430F-BC46-DAFD110BA8CA}.Debug|Any CPU.ActiveCfg = Debug|Any CPU
		{DFF9BC89-E985-430F-BC46-DAFD110BA8CA}.Debug|Any CPU.Build.0 = Debug|Any CPU
		{DFF9BC89-E985-430F-BC46-DAFD110BA8CA}.Release|Any CPU.ActiveCfg = Release|Any CPU
		{DFF9BC89-E985-430F-BC46-DAFD110BA8CA}.Release|Any CPU.Build.0 = Release|Any CPU
		{E3AB955F-D0CA-4F7D-A797-9AA9929CBF06}.Debug|Any CPU.ActiveCfg = Debug|Any CPU
		{E3AB955F-D0CA-4F7D-A797-9AA9929CBF06}.Debug|Any CPU.Build.0 = Debug|Any CPU
		{E3AB955F-D0CA-4F7D-A797-9AA9929CBF06}.Release|Any CPU.ActiveCfg = Release|Any CPU
		{E3AB955F-D0CA-4F7D-A797-9AA9929CBF06}.Release|Any CPU.Build.0 = Release|Any CPU
		{A17D1A76-E9CA-46FD-AEE1-BA003FD8484C}.Debug|Any CPU.ActiveCfg = Debug|Any CPU
		{A17D1A76-E9CA-46FD-AEE1-BA003FD8484C}.Debug|Any CPU.Build.0 = Debug|Any CPU
		{A17D1A76-E9CA-46FD-AEE1-BA003FD8484C}.Release|Any CPU.ActiveCfg = Release|Any CPU
		{A17D1A76-E9CA-46FD-AEE1-BA003FD8484C}.Release|Any CPU.Build.0 = Release|Any CPU
		{E24E6D72-C214-4C46-A3B2-ED1F0904B9F9}.Debug|Any CPU.ActiveCfg = Debug|Any CPU
		{E24E6D72-C214-4C46-A3B2-ED1F0904B9F9}.Debug|Any CPU.Build.0 = Debug|Any CPU
		{E24E6D72-C214-4C46-A3B2-ED1F0904B9F9}.Release|Any CPU.ActiveCfg = Release|Any CPU
		{E24E6D72-C214-4C46-A3B2-ED1F0904B9F9}.Release|Any CPU.Build.0 = Release|Any CPU
		{99B467C3-F11C-4913-B9E8-883E01E33292}.Debug|Any CPU.ActiveCfg = Debug|Any CPU
		{99B467C3-F11C-4913-B9E8-883E01E33292}.Debug|Any CPU.Build.0 = Debug|Any CPU
		{99B467C3-F11C-4913-B9E8-883E01E33292}.Release|Any CPU.ActiveCfg = Release|Any CPU
		{99B467C3-F11C-4913-B9E8-883E01E33292}.Release|Any CPU.Build.0 = Release|Any CPU
		{BF6202E3-7965-4C35-95F7-5CBD8CB7AB6F}.Debug|Any CPU.ActiveCfg = Debug|Any CPU
		{BF6202E3-7965-4C35-95F7-5CBD8CB7AB6F}.Debug|Any CPU.Build.0 = Debug|Any CPU
		{BF6202E3-7965-4C35-95F7-5CBD8CB7AB6F}.Release|Any CPU.ActiveCfg = Release|Any CPU
		{BF6202E3-7965-4C35-95F7-5CBD8CB7AB6F}.Release|Any CPU.Build.0 = Release|Any CPU
		{60F035D6-4ED5-4BEE-A506-01A1623C450C}.Debug|Any CPU.ActiveCfg = Debug|Any CPU
		{60F035D6-4ED5-4BEE-A506-01A1623C450C}.Debug|Any CPU.Build.0 = Debug|Any CPU
		{60F035D6-4ED5-4BEE-A506-01A1623C450C}.Release|Any CPU.ActiveCfg = Release|Any CPU
		{60F035D6-4ED5-4BEE-A506-01A1623C450C}.Release|Any CPU.Build.0 = Release|Any CPU
		{B1E56C6A-8FD7-4BD6-BE16-0A1BD8611A4E}.Debug|Any CPU.ActiveCfg = Debug|Any CPU
		{B1E56C6A-8FD7-4BD6-BE16-0A1BD8611A4E}.Debug|Any CPU.Build.0 = Debug|Any CPU
		{B1E56C6A-8FD7-4BD6-BE16-0A1BD8611A4E}.Release|Any CPU.ActiveCfg = Release|Any CPU
		{B1E56C6A-8FD7-4BD6-BE16-0A1BD8611A4E}.Release|Any CPU.Build.0 = Release|Any CPU
	EndGlobalSection
	GlobalSection(SolutionProperties) = preSolution
		HideSolutionNode = FALSE
	EndGlobalSection
	GlobalSection(NestedProjects) = preSolution
		{7184AE95-780A-4AC8-9DF3-D6CA0F0D0283} = {FF3C6504-FAF8-4FD4-9FBD-0C02E2A38430}
		{B93BB0E8-CF7E-4F7F-BFA8-DD92F6F83CC2} = {FF3C6504-FAF8-4FD4-9FBD-0C02E2A38430}
		{EFF4510A-86CE-435E-98DB-34B17CA89FC3} = {FF3C6504-FAF8-4FD4-9FBD-0C02E2A38430}
		{31CDCA97-1BFB-4DA7-B991-315414F0E7C6} = {FF3C6504-FAF8-4FD4-9FBD-0C02E2A38430}
		{27FD8170-875F-4ECC-8D98-C48BE6F9CDD9} = {FF3C6504-FAF8-4FD4-9FBD-0C02E2A38430}
		{F0BD22A5-0E1E-4EA8-9161-24E6D38BABEE} = {B93BB0E8-CF7E-4F7F-BFA8-DD92F6F83CC2}
		{0139A884-9AB0-4D75-B6A2-97A4C062812E} = {F0BD22A5-0E1E-4EA8-9161-24E6D38BABEE}
		{7FE67155-0696-464B-9A68-E45C3180F0D2} = {EFF4510A-86CE-435E-98DB-34B17CA89FC3}
		{34053AB7-5818-44CB-9905-F9A516B0DA8A} = {EFF4510A-86CE-435E-98DB-34B17CA89FC3}
		{1FD281BB-E27F-4E54-B42B-E99DFE4C7693} = {31CDCA97-1BFB-4DA7-B991-315414F0E7C6}
		{EF2A09DC-BA93-4BB8-8A80-3500F775968C} = {1FD281BB-E27F-4E54-B42B-E99DFE4C7693}
		{DFF9BC89-E985-430F-BC46-DAFD110BA8CA} = {7184AE95-780A-4AC8-9DF3-D6CA0F0D0283}
		{CCCBFDCA-25AD-4B2A-A924-C3518BA43400} = {34053AB7-5818-44CB-9905-F9A516B0DA8A}
		{E3AB955F-D0CA-4F7D-A797-9AA9929CBF06} = {0139A884-9AB0-4D75-B6A2-97A4C062812E}
		{6E6973B9-2B02-4429-8056-653CC78EB894} = {27FD8170-875F-4ECC-8D98-C48BE6F9CDD9}
		{2ADA3075-AFE8-4F94-A01D-9006C218D594} = {27FD8170-875F-4ECC-8D98-C48BE6F9CDD9}
		{A17D1A76-E9CA-46FD-AEE1-BA003FD8484C} = {6E6973B9-2B02-4429-8056-653CC78EB894}
		{E24E6D72-C214-4C46-A3B2-ED1F0904B9F9} = {2ADA3075-AFE8-4F94-A01D-9006C218D594}
		{82C0B228-A64C-475B-89E8-853ABC76C633} = {0139A884-9AB0-4D75-B6A2-97A4C062812E}
		{247E8015-2DF1-48A4-A309-09845668CB23} = {CCCBFDCA-25AD-4B2A-A924-C3518BA43400}
		{E90CD3F1-9501-44BE-9CE2-77CE4ADE1046} = {1FD281BB-E27F-4E54-B42B-E99DFE4C7693}
		{55623527-43C3-444D-B589-8F9675D5E629} = {2ADA3075-AFE8-4F94-A01D-9006C218D594}
		{99B467C3-F11C-4913-B9E8-883E01E33292} = {82C0B228-A64C-475B-89E8-853ABC76C633}
		{BF6202E3-7965-4C35-95F7-5CBD8CB7AB6F} = {247E8015-2DF1-48A4-A309-09845668CB23}
		{60F035D6-4ED5-4BEE-A506-01A1623C450C} = {E90CD3F1-9501-44BE-9CE2-77CE4ADE1046}
		{B1E56C6A-8FD7-4BD6-BE16-0A1BD8611A4E} = {55623527-43C3-444D-B589-8F9675D5E629}
	EndGlobalSection
	GlobalSection(ExtensibilityGlobals) = postSolution
		SolutionGuid = {A4B6D458-B035-43C1-85BC-6A806E43B51D}
	EndGlobalSection
EndGlobal
